schema: '2.0'
stages:
  prepare:
    cmd: python src/prepare.py
    deps:
    - path: data/validated/restaurants_validated.parquet
      hash: md5
      md5: 0e6fe715027b30d9dc6e49e87debbacc
      size: 103557236
    - path: src/prepare.py
      hash: md5
      md5: a1dd326ec1069ec029b61d371fed9226
      size: 1860
    params:
      params.yaml:
        prepare.positive_rating_threshold: 4.0
        prepare.seed: 42
        prepare.test_size: 0.15
        prepare.validation_size: 0.15
    outs:
    - path: data/processed/test.parquet
      hash: md5
      md5: 9c438222c4730662265cc34a296ca0bb
      size: 15564185
    - path: data/processed/train.parquet
      hash: md5
      md5: 30b3a48f249d7202a7113f4db7635814
      size: 72494522
    - path: data/processed/validation.parquet
      hash: md5
      md5: 3fa7f44c507bb4ce690b8cbf736056c6
      size: 15507762
  train:
    cmd: python src/train.py
    deps:
    - path: data/features/train_features.parquet
      hash: md5
      md5: 70d3bf31765253bc6428a8ab0696f23f
      size: 2542659
    - path: data/features/validation_features.parquet
      hash: md5
      md5: c186eb1a55eacdcb11ed6e5746374a87
      size: 554165
    - path: src/train.py
      hash: md5
      md5: d326b438cb9aaa96175879b25de575c6
      size: 3048
    params:
      params.yaml:
        train.class_weight: balanced
        train.max_depth: 20
        train.min_samples_split: 5
        train.n_estimators: 300
    outs:
    - path: models/restaurant_classifier.pkl
      hash: md5
      md5: 9a268b2686e7c8a63172d64bcd27ad28
      size: 204874633
  evaluate:
    cmd: python src/evaluate.py
    deps:
    - path: data/features/test_features.parquet
      hash: md5
      md5: 9f5eb35386ca1090a8db8f4ac6ef5017
      size: 553994
    - path: models/restaurant_classifier.pkl
      hash: md5
      md5: 9a268b2686e7c8a63172d64bcd27ad28
      size: 204874633
    - path: src/evaluate.py
      hash: md5
      md5: 42fdcd22201804b1373c0a27d866916d
      size: 3575
    outs:
    - path: metrics.json
      hash: md5
      md5: aa748f4ab35f9b0ff35cf14d6d9108fe
      size: 371
    - path: reports/confusion_matrix.png
      hash: md5
      md5: 3be76775884186fc5e46ecc4ab4a2b65
      size: 39332
    - path: reports/precision_recall_curve.png
      hash: md5
      md5: 0b8cce3be107852b318485ed9293eac7
      size: 37504
    - path: reports/roc_curve.png
      hash: md5
      md5: feebb74b3ca5e3b6318d1971251e31ab
      size: 49576
  validate_data:
    cmd: python src/validate_data.py
    deps:
    - path: data/raw/200k_Restaurants_Mostly_US.csv
      hash: md5
      md5: 29fe3974e57cb8e9ff928b8ddd197ee8
      size: 348339668
    - path: src/validate_data.py
      hash: md5
      md5: 968fb7e8d7650af397e003cbc5fc8ee5
      size: 2697
    params:
      params.yaml:
        validate_data.latitude_column: Latitude
        validate_data.longitude_column: Longitude
        validate_data.max_rating: 5.0
        validate_data.min_rating: 0.0
        validate_data.rating_column: Rating
    outs:
    - path: data/validated/restaurants_validated.parquet
      hash: md5
      md5: 0e6fe715027b30d9dc6e49e87debbacc
      size: 103557236
    - path: reports/data_validation_report.json
      hash: md5
      md5: d06731c3d6faa9bc1e6b61fdec65cee2
      size: 735
  feature_engineering:
    cmd: python src/feature_engineering.py
    deps:
    - path: data/processed/test.parquet
      hash: md5
      md5: 9c438222c4730662265cc34a296ca0bb
      size: 15564185
    - path: data/processed/train.parquet
      hash: md5
      md5: 30b3a48f249d7202a7113f4db7635814
      size: 72494522
    - path: data/processed/validation.parquet
      hash: md5
      md5: 3fa7f44c507bb4ce690b8cbf736056c6
      size: 15507762
    - path: src/feature_engineering.py
      hash: md5
      md5: 15705f61e00aaf85f022483b745893a9
      size: 2370
    - path: src/features.py
      hash: md5
      md5: 0a3bd5596534f323a8d50960fca96ebe
      size: 4052
    params:
      params.yaml:
        feature_engineering.top_category_count: 20
    outs:
    - path: data/features/test_features.parquet
      hash: md5
      md5: 9f5eb35386ca1090a8db8f4ac6ef5017
      size: 553994
    - path: data/features/train_features.parquet
      hash: md5
      md5: 70d3bf31765253bc6428a8ab0696f23f
      size: 2542659
    - path: data/features/validation_features.parquet
      hash: md5
      md5: c186eb1a55eacdcb11ed6e5746374a87
      size: 554165
    - path: reports/feature_summary.json
      hash: md5
      md5: 2078e79c00217aa19e9eda0ff4349214
      size: 1695
