schema: '2.0'
stages:
  prepare:
    cmd: python src/prepare.py
    deps:
    - path: data/raw/200k_Restaurants_Mostly_US.csv
      hash: md5
      md5: 29fe3974e57cb8e9ff928b8ddd197ee8
      size: 348339668
    - path: src/prepare.py
      hash: md5
      md5: 6ad452cc4e35ed8afbb0cc934c07210c
      size: 3143
    params:
      params.yaml:
        prepare.raw_input_path: data/raw/200k_Restaurants_Mostly_US.csv
        prepare.seed: 42
        prepare.test_size: 0.2
    outs:
    - path: data/processed/test.parquet
      hash: md5
      md5: 1b03d7ea8260975a3d908c28a6412b2a
      size: 1086689
    - path: data/processed/train.parquet
      hash: md5
      md5: d6503800fab286e12119a1ae90859107
      size: 3972281
  train:
    cmd: python src/train.py
    deps:
    - path: data/processed/train.parquet
      hash: md5
      md5: d6503800fab286e12119a1ae90859107
      size: 3972281
    - path: src/train.py
      hash: md5
      md5: 9d239f24f10a19c8f5c6f63929135a80
      size: 1453
    params:
      params.yaml:
        train.max_depth: 10
        train.model_path: models/restaurant_classifier.pkl
        train.n_estimators: 100
    outs:
    - path: models/restaurant_classifier.pkl
      hash: md5
      md5: 4066f1df5994e2e4678e2531b748047b
      size: 5525769
  evaluate:
    cmd: python src/evaluate.py
    deps:
    - path: data/processed/test.parquet
      hash: md5
      md5: 1b03d7ea8260975a3d908c28a6412b2a
      size: 1086689
    - path: models/restaurant_classifier.pkl
      hash: md5
      md5: 4066f1df5994e2e4678e2531b748047b
      size: 5525769
    - path: src/evaluate.py
      hash: md5
      md5: 02a5244b96de1ba0047b018f60cab07d
      size: 1011
    outs:
    - path: metrics.json
      hash: md5
      md5: cc1b25fce72293166a6f96b883405897
      size: 108
